
Microsoft Visual Studio Solution File, Format Version 12.00
# Visual Studio Version 16
VisualStudioVersion = 16.0.29926.136
MinimumVisualStudioVersion = 10.0.40219.1
Project("{FAE04EC0-301F-11D3-BF4B-00C04F79EFBC}") = "DesignServer", "DesignServer.csproj", "{2478E45F-51AC-49B6-8B44-B4D1D872797F}"
EndProject
Global
	GlobalSection(SolutionConfigurationPlatforms) = preSolution
		Debug|Any CPU = Debug|Any CPU
		Release|Any CPU = Release|Any CPU
	EndGlobalSection
	GlobalSection(ProjectConfigurationPlatforms) = postSolution
		{2478E45F-51AC-49B6-8B44-B4D1D872797F}.Debug|Any CPU.ActiveCfg = Debug|Any CPU
		{2478E45F-51AC-49B6-8B44-B4D1D872797F}.Debug|Any CPU.Build.0 = Debug|Any CPU
		{2478E45F-51AC-49B6-8B44-B4D1D872797F}.Release|Any CPU.ActiveCfg = Release|Any CPU
		{2478E45F-51AC-49B6-8B44-B4D1D872797F}.Release|Any CPU.Build.0 = Release|Any CPU
	EndGlobalSection
	GlobalSection(SolutionProperties) = preSolution
		HideSolutionNode = FALSE
	EndGlobalSection
	GlobalSection(ExtensibilityGlobals) = postSolution
		SolutionGuid = {4B6654BA-78D9-4185-A503-C66FD1F4AAA3}
	EndGlobalSection
EndGlobal
